
Microsoft Visual Studio Solution File, Format Version 12.00
# Visual Studio Version 17
VisualStudioVersion = 17.3.32901.215
MinimumVisualStudioVersion = 10.0.40219.1
Project("{FAE04EC0-301F-11D3-BF4B-00C04F79EFBC}") = "Mandelbrot", "Mandelbrot\Mandelbrot.csproj", "{4EBB19CB-8025-4F43-AAD9-A43D82A6426D}"
EndProject
Global
	GlobalSection(SolutionConfigurationPlatforms) = preSolution
		Debug|Any CPU = Debug|Any CPU
		Release|Any CPU = Release|Any CPU
	EndGlobalSection
	GlobalSection(ProjectConfigurationPlatforms) = postSolution
		{4EBB19CB-8025-4F43-AAD9-A43D82A6426D}.Debug|Any CPU.ActiveCfg = Debug|Any CPU
		{4EBB19CB-8025-4F43-AAD9-A43D82A6426D}.Debug|Any CPU.Build.0 = Debug|Any CPU
		{4EBB19CB-8025-4F43-AAD9-A43D82A6426D}.Release|Any CPU.ActiveCfg = Release|Any CPU
		{4EBB19CB-8025-4F43-AAD9-A43D82A6426D}.Release|Any CPU.Build.0 = Release|Any CPU
	EndGlobalSection
	GlobalSection(SolutionProperties) = preSolution
		HideSolutionNode = FALSE
	EndGlobalSection
	GlobalSection(ExtensibilityGlobals) = postSolution
		SolutionGuid = {0678A25E-C8B1-43D8-90BB-CA421D654C60}
	EndGlobalSection
EndGlobal
